// !$*UTF8*$!
{
	archiveVersion = 1;
	classes = {
	};
	objectVersion = 55;
	objects = {

/* Begin PBXBuildFile section */
		4D5902A509F375321D64206B /* Pods_meta_university_instagram.framework in Frameworks */ = {isa = PBXBuildFile; fileRef = F88DA7A0A63FD3681A689EA2 /* Pods_meta_university_instagram.framework */; };
		958392CD284051480018180E /* AppDelegate.m in Sources */ = {isa = PBXBuildFile; fileRef = 958392CC284051480018180E /* AppDelegate.m */; };
		958392D0284051480018180E /* SceneDelegate.m in Sources */ = {isa = PBXBuildFile; fileRef = 958392CF284051480018180E /* SceneDelegate.m */; };
		958392D3284051480018180E /* ViewController.m in Sources */ = {isa = PBXBuildFile; fileRef = 958392D2284051480018180E /* ViewController.m */; };
		958392D6284051480018180E /* Main.storyboard in Resources */ = {isa = PBXBuildFile; fileRef = 958392D4284051480018180E /* Main.storyboard */; };
		958392D82840514A0018180E /* Assets.xcassets in Resources */ = {isa = PBXBuildFile; fileRef = 958392D72840514A0018180E /* Assets.xcassets */; };
		958392DB2840514A0018180E /* LaunchScreen.storyboard in Resources */ = {isa = PBXBuildFile; fileRef = 958392D92840514A0018180E /* LaunchScreen.storyboard */; };
		958392DE2840514A0018180E /* main.m in Sources */ = {isa = PBXBuildFile; fileRef = 958392DD2840514A0018180E /* main.m */; };
		958392E52840544C0018180E /* Keys.plist in Resources */ = {isa = PBXBuildFile; fileRef = 958392E42840544C0018180E /* Keys.plist */; };
/* End PBXBuildFile section */

/* Begin PBXFileReference section */
		958392C8284051480018180E /* meta-university-instagram.app */ = {isa = PBXFileReference; explicitFileType = wrapper.application; includeInIndex = 0; path = "meta-university-instagram.app"; sourceTree = BUILT_PRODUCTS_DIR; };
		958392CB284051480018180E /* AppDelegate.h */ = {isa = PBXFileReference; lastKnownFileType = sourcecode.c.h; path = AppDelegate.h; sourceTree = "<group>"; };
		958392CC284051480018180E /* AppDelegate.m */ = {isa = PBXFileReference; lastKnownFileType = sourcecode.c.objc; path = AppDelegate.m; sourceTree = "<group>"; };
		958392CE284051480018180E /* SceneDelegate.h */ = {isa = PBXFileReference; lastKnownFileType = sourcecode.c.h; path = SceneDelegate.h; sourceTree = "<group>"; };
		958392CF284051480018180E /* SceneDelegate.m */ = {isa = PBXFileReference; lastKnownFileType = sourcecode.c.objc; path = SceneDelegate.m; sourceTree = "<group>"; };
		958392D1284051480018180E /* ViewController.h */ = {isa = PBXFileReference; lastKnownFileType = sourcecode.c.h; path = ViewController.h; sourceTree = "<group>"; };
		958392D2284051480018180E /* ViewController.m */ = {isa = PBXFileReference; lastKnownFileType = sourcecode.c.objc; path = ViewController.m; sourceTree = "<group>"; };
		958392D5284051480018180E /* Base */ = {isa = PBXFileReference; lastKnownFileType = file.storyboard; name = Base; path = Base.lproj/Main.storyboard; sourceTree = "<group>"; };
		958392D72840514A0018180E /* Assets.xcassets */ = {isa = PBXFileReference; lastKnownFileType = folder.assetcatalog; path = Assets.xcassets; sourceTree = "<group>"; };
		958392DA2840514A0018180E /* Base */ = {isa = PBXFileReference; lastKnownFileType = file.storyboard; name = Base; path = Base.lproj/LaunchScreen.storyboard; sourceTree = "<group>"; };
		958392DC2840514A0018180E /* Info.plist */ = {isa = PBXFileReference; lastKnownFileType = text.plist.xml; path = Info.plist; sourceTree = "<group>"; };
		958392DD2840514A0018180E /* main.m */ = {isa = PBXFileReference; lastKnownFileType = sourcecode.c.objc; path = main.m; sourceTree = "<group>"; };
		958392E42840544C0018180E /* Keys.plist */ = {isa = PBXFileReference; lastKnownFileType = text.plist.xml; path = Keys.plist; sourceTree = "<group>"; };
		ADAA61D48EC58E3BD89F3490 /* Pods-meta-university-instagram.debug.xcconfig */ = {isa = PBXFileReference; includeInIndex = 1; lastKnownFileType = text.xcconfig; name = "Pods-meta-university-instagram.debug.xcconfig"; path = "Target Support Files/Pods-meta-university-instagram/Pods-meta-university-instagram.debug.xcconfig"; sourceTree = "<group>"; };
		CBB1B1E6F2D1EEE4D10E0A14 /* Pods-meta-university-instagram.release.xcconfig */ = {isa = PBXFileReference; includeInIndex = 1; lastKnownFileType = text.xcconfig; name = "Pods-meta-university-instagram.release.xcconfig"; path = "Target Support Files/Pods-meta-university-instagram/Pods-meta-university-instagram.release.xcconfig"; sourceTree = "<group>"; };
		F88DA7A0A63FD3681A689EA2 /* Pods_meta_university_instagram.framework */ = {isa = PBXFileReference; explicitFileType = wrapper.framework; includeInIndex = 0; path = Pods_meta_university_instagram.framework; sourceTree = BUILT_PRODUCTS_DIR; };
/* End PBXFileReference section */

/* Begin PBXFrameworksBuildPhase section */
		958392C5284051480018180E /* Frameworks */ = {
			isa = PBXFrameworksBuildPhase;
			buildActionMask = 2147483647;
			files = (
				4D5902A509F375321D64206B /* Pods_meta_university_instagram.framework in Frameworks */,
			);
			runOnlyForDeploymentPostprocessing = 0;
		};
/* End PBXFrameworksBuildPhase section */

/* Begin PBXGroup section */
		958392BF284051480018180E = {
			isa = PBXGroup;
			children = (
				958392E42840544C0018180E /* Keys.plist */,
				958392CA284051480018180E /* meta-university-instagram */,
				958392C9284051480018180E /* Products */,
				C661A9E96DFA73597C96B024 /* Pods */,
				FDA943229A1345859AC2F407 /* Frameworks */,
			);
			sourceTree = "<group>";
		};
		958392C9284051480018180E /* Products */ = {
			isa = PBXGroup;
			children = (
				958392C8284051480018180E /* meta-university-instagram.app */,
			);
			name = Products;
			sourceTree = "<group>";
		};
		958392CA284051480018180E /* meta-university-instagram */ = {
			isa = PBXGroup;
			children = (
				958392CB284051480018180E /* AppDelegate.h */,
				958392CC284051480018180E /* AppDelegate.m */,
				958392CE284051480018180E /* SceneDelegate.h */,
				958392CF284051480018180E /* SceneDelegate.m */,
				958392D1284051480018180E /* ViewController.h */,
				958392D2284051480018180E /* ViewController.m */,
				958392D4284051480018180E /* Main.storyboard */,
				958392D72840514A0018180E /* Assets.xcassets */,
				958392D92840514A0018180E /* LaunchScreen.storyboard */,
				958392DC2840514A0018180E /* Info.plist */,
				958392DD2840514A0018180E /* main.m */,
			);
			path = "meta-university-instagram";
			sourceTree = "<group>";
		};
		C661A9E96DFA73597C96B024 /* Pods */ = {
			isa = PBXGroup;
			children = (
				ADAA61D48EC58E3BD89F3490 /* Pods-meta-university-instagram.debug.xcconfig */,
				CBB1B1E6F2D1EEE4D10E0A14 /* Pods-meta-university-instagram.release.xcconfig */,
			);
			path = Pods;
			sourceTree = "<group>";
		};
		FDA943229A1345859AC2F407 /* Frameworks */ = {
			isa = PBXGroup;
			children = (
				F88DA7A0A63FD3681A689EA2 /* Pods_meta_university_instagram.framework */,
			);
			name = Frameworks;
			sourceTree = "<group>";
		};
/* End PBXGroup section */

/* Begin PBXNativeTarget section */
		958392C7284051480018180E /* meta-university-instagram */ = {
			isa = PBXNativeTarget;
			buildConfigurationList = 958392E12840514A0018180E /* Build configuration list for PBXNativeTarget "meta-university-instagram" */;
			buildPhases = (
				39EE58CE1D7E349434677F04 /* [CP] Check Pods Manifest.lock */,
				958392C4284051480018180E /* Sources */,
				958392C5284051480018180E /* Frameworks */,
				958392C6284051480018180E /* Resources */,
				D097B5AB0B17945FAD9088B2 /* [CP] Embed Pods Frameworks */,
			);
			buildRules = (
			);
			dependencies = (
			);
			name = "meta-university-instagram";
			productName = "meta-university-instagram";
			productReference = 958392C8284051480018180E /* meta-university-instagram.app */;
			productType = "com.apple.product-type.application";
		};
/* End PBXNativeTarget section */

/* Begin PBXProject section */
		958392C0284051480018180E /* Project object */ = {
			isa = PBXProject;
			attributes = {
				BuildIndependentTargetsInParallel = 1;
				LastUpgradeCheck = 1340;
				TargetAttributes = {
					958392C7284051480018180E = {
						CreatedOnToolsVersion = 13.4;
					};
				};
			};
			buildConfigurationList = 958392C3284051480018180E /* Build configuration list for PBXProject "meta-university-instagram" */;
			compatibilityVersion = "Xcode 13.0";
			developmentRegion = en;
			hasScannedForEncodings = 0;
			knownRegions = (
				en,
				Base,
			);
			mainGroup = 958392BF284051480018180E;
			productRefGroup = 958392C9284051480018180E /* Products */;
			projectDirPath = "";
			projectRoot = "";
			targets = (
				958392C7284051480018180E /* meta-university-instagram */,
			);
		};
/* End PBXProject section */

/* Begin PBXResourcesBuildPhase section */
		958392C6284051480018180E /* Resources */ = {
			isa = PBXResourcesBuildPhase;
			buildActionMask = 2147483647;
			files = (
				958392E52840544C0018180E /* Keys.plist in Resources */,
				958392DB2840514A0018180E /* LaunchScreen.storyboard in Resources */,
				958392D82840514A0018180E /* Assets.xcassets in Resources */,
				958392D6284051480018180E /* Main.storyboard in Resources */,
			);
			runOnlyForDeploymentPostprocessing = 0;
		};
/* End PBXResourcesBuildPhase section */

/* Begin PBXShellScriptBuildPhase section */
		39EE58CE1D7E349434677F04 /* [CP] Check Pods Manifest.lock */ = {
			isa = PBXShellScriptBuildPhase;
			buildActionMask = 2147483647;
			files = (
			);
			inputFileListPaths = (
			);
			inputPaths = (
				"${PODS_PODFILE_DIR_PATH}/Podfile.lock",
				"${PODS_ROOT}/Manifest.lock",
			);
			name = "[CP] Check Pods Manifest.lock";
			outputFileListPaths = (
			);
			outputPaths = (
				"$(DERIVED_FILE_DIR)/Pods-meta-university-instagram-checkManifestLockResult.txt",
			);
			runOnlyForDeploymentPostprocessing = 0;
			shellPath = /bin/sh;
			shellScript = "diff \"${PODS_PODFILE_DIR_PATH}/Podfile.lock\" \"${PODS_ROOT}/Manifest.lock\" > /dev/null\nif [ $? != 0 ] ; then\n    # print error to STDERR\n    echo \"error: The sandbox is not in sync with the Podfile.lock. Run 'pod install' or update your CocoaPods installation.\" >&2\n    exit 1\nfi\n# This output is used by Xcode 'outputs' to avoid re-running this script phase.\necho \"SUCCESS\" > \"${SCRIPT_OUTPUT_FILE_0}\"\n";
			showEnvVarsInLog = 0;
		};
		D097B5AB0B17945FAD9088B2 /* [CP] Embed Pods Frameworks */ = {
			isa = PBXShellScriptBuildPhase;
			buildActionMask = 2147483647;
			files = (
			);
			inputFileListPaths = (
				"${PODS_ROOT}/Target Support Files/Pods-meta-university-instagram/Pods-meta-university-instagram-frameworks-${CONFIGURATION}-input-files.xcfilelist",
			);
			name = "[CP] Embed Pods Frameworks";
			outputFileListPaths = (
				"${PODS_ROOT}/Target Support Files/Pods-meta-university-instagram/Pods-meta-university-instagram-frameworks-${CONFIGURATION}-output-files.xcfilelist",
			);
			runOnlyForDeploymentPostprocessing = 0;
			shellPath = /bin/sh;
			shellScript = "\"${PODS_ROOT}/Target Support Files/Pods-meta-university-instagram/Pods-meta-university-instagram-frameworks.sh\"\n";
			showEnvVarsInLog = 0;
		};
/* End PBXShellScriptBuildPhase section */

/* Begin PBXSourcesBuildPhase section */
		958392C4284051480018180E /* Sources */ = {
			isa = PBXSourcesBuildPhase;
			buildActionMask = 2147483647;
			files = (
				958392D3284051480018180E /* ViewController.m in Sources */,
				958392CD284051480018180E /* AppDelegate.m in Sources */,
				958392DE2840514A0018180E /* main.m in Sources */,
				958392D0284051480018180E /* SceneDelegate.m in Sources */,
			);
			runOnlyForDeploymentPostprocessing = 0;
		};
/* End PBXSourcesBuildPhase section */

/* Begin PBXVariantGroup section */
		958392D4284051480018180E /* Main.storyboard */ = {
			isa = PBXVariantGroup;
			children = (
				958392D5284051480018180E /* Base */,
			);
			name = Main.storyboard;
			sourceTree = "<group>";
		};
		958392D92840514A0018180E /* LaunchScreen.storyboard */ = {
			isa = PBXVariantGroup;
			children = (
				958392DA2840514A0018180E /* Base */,
			);
			name = LaunchScreen.storyboard;
			sourceTree = "<group>";
		};
/* End PBXVariantGroup section */

/* Begin XCBuildConfiguration section */
		958392DF2840514A0018180E /* Debug */ = {
			isa = XCBuildConfiguration;
			buildSettings = {
				ALWAYS_SEARCH_USER_PATHS = NO;
				CLANG_ANALYZER_NONNULL = YES;
				CLANG_ANALYZER_NUMBER_OBJECT_CONVERSION = YES_AGGRESSIVE;
				CLANG_CXX_LANGUAGE_STANDARD = "gnu++17";
				CLANG_ENABLE_MODULES = YES;
				CLANG_ENABLE_OBJC_ARC = YES;
				CLANG_ENABLE_OBJC_WEAK = YES;
				CLANG_WARN_BLOCK_CAPTURE_AUTORELEASING = YES;
				CLANG_WARN_BOOL_CONVERSION = YES;
				CLANG_WARN_COMMA = YES;
				CLANG_WARN_CONSTANT_CONVERSION = YES;
				CLANG_WARN_DEPRECATED_OBJC_IMPLEMENTATIONS = YES;
				CLANG_WARN_DIRECT_OBJC_ISA_USAGE = YES_ERROR;
				CLANG_WARN_DOCUMENTATION_COMMENTS = YES;
				CLANG_WARN_EMPTY_BODY = YES;
				CLANG_WARN_ENUM_CONVERSION = YES;
				CLANG_WARN_INFINITE_RECURSION = YES;
				CLANG_WARN_INT_CONVERSION = YES;
				CLANG_WARN_NON_LITERAL_NULL_CONVERSION = YES;
				CLANG_WARN_OBJC_IMPLICIT_RETAIN_SELF = YES;
				CLANG_WARN_OBJC_LITERAL_CONVERSION = YES;
				CLANG_WARN_OBJC_ROOT_CLASS = YES_ERROR;
				CLANG_WARN_QUOTED_INCLUDE_IN_FRAMEWORK_HEADER = YES;
				CLANG_WARN_RANGE_LOOP_ANALYSIS = YES;
				CLANG_WARN_STRICT_PROTOTYPES = YES;
				CLANG_WARN_SUSPICIOUS_MOVE = YES;
				CLANG_WARN_UNGUARDED_AVAILABILITY = YES_AGGRESSIVE;
				CLANG_WARN_UNREACHABLE_CODE = YES;
				CLANG_WARN__DUPLICATE_METHOD_MATCH = YES;
				COPY_PHASE_STRIP = NO;
				DEBUG_INFORMATION_FORMAT = dwarf;
				ENABLE_STRICT_OBJC_MSGSEND = YES;
				ENABLE_TESTABILITY = YES;
				GCC_C_LANGUAGE_STANDARD = gnu11;
				GCC_DYNAMIC_NO_PIC = NO;
				GCC_NO_COMMON_BLOCKS = YES;
				GCC_OPTIMIZATION_LEVEL = 0;
				GCC_PREPROCESSOR_DEFINITIONS = (
					"DEBUG=1",
					"$(inherited)",
				);
				GCC_WARN_64_TO_32_BIT_CONVERSION = YES;
				GCC_WARN_ABOUT_RETURN_TYPE = YES_ERROR;
				GCC_WARN_UNDECLARED_SELECTOR = YES;
				GCC_WARN_UNINITIALIZED_AUTOS = YES_AGGRESSIVE;
				GCC_WARN_UNUSED_FUNCTION = YES;
				GCC_WARN_UNUSED_VARIABLE = YES;
				IPHONEOS_DEPLOYMENT_TARGET = 15.5;
				MTL_ENABLE_DEBUG_INFO = INCLUDE_SOURCE;
				MTL_FAST_MATH = YES;
				ONLY_ACTIVE_ARCH = YES;
				SDKROOT = iphoneos;
			};
			name = Debug;
		};
		958392E02840514A0018180E /* Release */ = {
			isa = XCBuildConfiguration;
			buildSettings = {
				ALWAYS_SEARCH_USER_PATHS = NO;
				CLANG_ANALYZER_NONNULL = YES;
				CLANG_ANALYZER_NUMBER_OBJECT_CONVERSION = YES_AGGRESSIVE;
				CLANG_CXX_LANGUAGE_STANDARD = "gnu++17";
				CLANG_ENABLE_MODULES = YES;
				CLANG_ENABLE_OBJC_ARC = YES;
				CLANG_ENABLE_OBJC_WEAK = YES;
				CLANG_WARN_BLOCK_CAPTURE_AUTORELEASING = YES;
				CLANG_WARN_BOOL_CONVERSION = YES;
				CLANG_WARN_COMMA = YES;
				CLANG_WARN_CONSTANT_CONVERSION = YES;
				CLANG_WARN_DEPRECATED_OBJC_IMPLEMENTATIONS = YES;
				CLANG_WARN_DIRECT_OBJC_ISA_USAGE = YES_ERROR;
				CLANG_WARN_DOCUMENTATION_COMMENTS = YES;
				CLANG_WARN_EMPTY_BODY = YES;
				CLANG_WARN_ENUM_CONVERSION = YES;
				CLANG_WARN_INFINITE_RECURSION = YES;
				CLANG_WARN_INT_CONVERSION = YES;
				CLANG_WARN_NON_LITERAL_NULL_CONVERSION = YES;
				CLANG_WARN_OBJC_IMPLICIT_RETAIN_SELF = YES;
				CLANG_WARN_OBJC_LITERAL_CONVERSION = YES;
				CLANG_WARN_OBJC_ROOT_CLASS = YES_ERROR;
				CLANG_WARN_QUOTED_INCLUDE_IN_FRAMEWORK_HEADER = YES;
				CLANG_WARN_RANGE_LOOP_ANALYSIS = YES;
				CLANG_WARN_STRICT_PROTOTYPES = YES;
				CLANG_WARN_SUSPICIOUS_MOVE = YES;
				CLANG_WARN_UNGUARDED_AVAILABILITY = YES_AGGRESSIVE;
				CLANG_WARN_UNREACHABLE_CODE = YES;
				CLANG_WARN__DUPLICATE_METHOD_MATCH = YES;
				COPY_PHASE_STRIP = NO;
				DEBUG_INFORMATION_FORMAT = "dwarf-with-dsym";
				ENABLE_NS_ASSERTIONS = NO;
				ENABLE_STRICT_OBJC_MSGSEND = YES;
				GCC_C_LANGUAGE_STANDARD = gnu11;
				GCC_NO_COMMON_BLOCKS = YES;
				GCC_WARN_64_TO_32_BIT_CONVERSION = YES;
				GCC_WARN_ABOUT_RETURN_TYPE = YES_ERROR;
				GCC_WARN_UNDECLARED_SELECTOR = YES;
				GCC_WARN_UNINITIALIZED_AUTOS = YES_AGGRESSIVE;
				GCC_WARN_UNUSED_FUNCTION = YES;
				GCC_WARN_UNUSED_VARIABLE = YES;
				IPHONEOS_DEPLOYMENT_TARGET = 15.5;
				MTL_ENABLE_DEBUG_INFO = NO;
				MTL_FAST_MATH = YES;
				SDKROOT = iphoneos;
				VALIDATE_PRODUCT = YES;
			};
			name = Release;
		};
		958392E22840514A0018180E /* Debug */ = {
			isa = XCBuildConfiguration;
			baseConfigurationReference = ADAA61D48EC58E3BD89F3490 /* Pods-meta-university-instagram.debug.xcconfig */;
			buildSettings = {
				ASSETCATALOG_COMPILER_APPICON_NAME = AppIcon;
				ASSETCATALOG_COMPILER_GLOBAL_ACCENT_COLOR_NAME = AccentColor;
				CODE_SIGN_STYLE = Automatic;
				CURRENT_PROJECT_VERSION = 1;
				GENERATE_INFOPLIST_FILE = YES;
				INFOPLIST_FILE = "meta-university-instagram/Info.plist";
				INFOPLIST_KEY_UIApplicationSupportsIndirectInputEvents = YES;
				INFOPLIST_KEY_UILaunchStoryboardName = LaunchScreen;
				INFOPLIST_KEY_UIMainStoryboardFile = Main;
				INFOPLIST_KEY_UISupportedInterfaceOrientations_iPad = "UIInterfaceOrientationPortrait UIInterfaceOrientationPortraitUpsideDown UIInterfaceOrientationLandscapeLeft UIInterfaceOrientationLandscapeRight";
				INFOPLIST_KEY_UISupportedInterfaceOrientations_iPhone = "UIInterfaceOrientationPortrait UIInterfaceOrientationLandscapeLeft UIInterfaceOrientationLandscapeRight";
				LD_RUNPATH_SEARCH_PATHS = (
					"$(inherited)",
					"@executable_path/Frameworks",
				);
				MARKETING_VERSION = 1.0;
				PRODUCT_BUNDLE_IDENTIFIER = "phrasy-devs.meta-university-instagram";
				PRODUCT_NAME = "$(TARGET_NAME)";
				SWIFT_EMIT_LOC_STRINGS = YES;
				TARGETED_DEVICE_FAMILY = "1,2";
			};
			name = Debug;
		};
		958392E32840514A0018180E /* Release */ = {
			isa = XCBuildConfiguration;
			baseConfigurationReference = CBB1B1E6F2D1EEE4D10E0A14 /* Pods-meta-university-instagram.release.xcconfig */;
			buildSettings = {
				ASSETCATALOG_COMPILER_APPICON_NAME = AppIcon;
				ASSETCATALOG_COMPILER_GLOBAL_ACCENT_COLOR_NAME = AccentColor;
				CODE_SIGN_STYLE = Automatic;
				CURRENT_PROJECT_VERSION = 1;
				GENERATE_INFOPLIST_FILE = YES;
				INFOPLIST_FILE = "meta-university-instagram/Info.plist";
				INFOPLIST_KEY_UIApplicationSupportsIndirectInputEvents = YES;
				INFOPLIST_KEY_UILaunchStoryboardName = LaunchScreen;
				INFOPLIST_KEY_UIMainStoryboardFile = Main;
				INFOPLIST_KEY_UISupportedInterfaceOrientations_iPad = "UIInterfaceOrientationPortrait UIInterfaceOrientationPortraitUpsideDown UIInterfaceOrientationLandscapeLeft UIInterfaceOrientationLandscapeRight";
				INFOPLIST_KEY_UISupportedInterfaceOrientations_iPhone = "UIInterfaceOrientationPortrait UIInterfaceOrientationLandscapeLeft UIInterfaceOrientationLandscapeRight";
				LD_RUNPATH_SEARCH_PATHS = (
					"$(inherited)",
					"@executable_path/Frameworks",
				);
				MARKETING_VERSION = 1.0;
				PRODUCT_BUNDLE_IDENTIFIER = "phrasy-devs.meta-university-instagram";
				PRODUCT_NAME = "$(TARGET_NAME)";
				SWIFT_EMIT_LOC_STRINGS = YES;
				TARGETED_DEVICE_FAMILY = "1,2";
			};
			name = Release;
		};
/* End XCBuildConfiguration section */

/* Begin XCConfigurationList section */
		958392C3284051480018180E /* Build configuration list for PBXProject "meta-university-instagram" */ = {
			isa = XCConfigurationList;
			buildConfigurations = (
				958392DF2840514A0018180E /* Debug */,
				958392E02840514A0018180E /* Release */,
			);
			defaultConfigurationIsVisible = 0;
			defaultConfigurationName = Release;
		};
		958392E12840514A0018180E /* Build configuration list for PBXNativeTarget "meta-university-instagram" */ = {
			isa = XCConfigurationList;
			buildConfigurations = (
				958392E22840514A0018180E /* Debug */,
				958392E32840514A0018180E /* Release */,
			);
			defaultConfigurationIsVisible = 0;
			defaultConfigurationName = Release;
		};
/* End XCConfigurationList section */
	};
	rootObject = 958392C0284051480018180E /* Project object */;
}
